
Microsoft Visual Studio Solution File, Format Version 12.00
# Visual Studio Version 17
VisualStudioVersion = 17.8.34330.188
MinimumVisualStudioVersion = 10.0.40219.1
Project("{9A19103F-16F7-4668-BE54-9A1E7A4F7556}") = "GUIVideoProcessing", "GUIVideoProcessing.csproj", "{258A51BF-F47B-4BAF-973A-1E1A175C38A6}"
EndProject
Global
	GlobalSection(SolutionConfigurationPlatforms) = preSolution
		Debug|Any CPU = Debug|Any CPU
		Release|Any CPU = Release|Any CPU
	EndGlobalSection
	GlobalSection(ProjectConfigurationPlatforms) = postSolution
		{258A51BF-F47B-4BAF-973A-1E1A175C38A6}.Debug|Any CPU.ActiveCfg = Debug|Any CPU
		{258A51BF-F47B-4BAF-973A-1E1A175C38A6}.Debug|Any CPU.Build.0 = Debug|Any CPU
		{258A51BF-F47B-4BAF-973A-1E1A175C38A6}.Release|Any CPU.ActiveCfg = Release|Any CPU
		{258A51BF-F47B-4BAF-973A-1E1A175C38A6}.Release|Any CPU.Build.0 = Release|Any CPU
	EndGlobalSection
	GlobalSection(SolutionProperties) = preSolution
		HideSolutionNode = FALSE
	EndGlobalSection
	GlobalSection(ExtensibilityGlobals) = postSolution
		SolutionGuid = {4FA6E5AF-1E9C-47C6-881C-84C61D9C85A7}
	EndGlobalSection
EndGlobal
